
Microsoft Visual Studio Solution File, Format Version 12.00
# Visual Studio Version 16
VisualStudioVersion = 16.0.30406.217
MinimumVisualStudioVersion = 10.0.40219.1
Project("{FAE04EC0-301F-11D3-BF4B-00C04F79EFBC}") = "ThiefAndPolice", "ThiefAndPolice\ThiefAndPolice.csproj", "{151CDE4E-92AD-4D1F-A07B-95CDEAA26B6B}"
EndProject
Global
	GlobalSection(SolutionConfigurationPlatforms) = preSolution
		Debug|Any CPU = Debug|Any CPU
		Release|Any CPU = Release|Any CPU
	EndGlobalSection
	GlobalSection(ProjectConfigurationPlatforms) = postSolution
		{151CDE4E-92AD-4D1F-A07B-95CDEAA26B6B}.Debug|Any CPU.ActiveCfg = Debug|Any CPU
		{151CDE4E-92AD-4D1F-A07B-95CDEAA26B6B}.Debug|Any CPU.Build.0 = Debug|Any CPU
		{151CDE4E-92AD-4D1F-A07B-95CDEAA26B6B}.Release|Any CPU.ActiveCfg = Release|Any CPU
		{151CDE4E-92AD-4D1F-A07B-95CDEAA26B6B}.Release|Any CPU.Build.0 = Release|Any CPU
	EndGlobalSection
	GlobalSection(SolutionProperties) = preSolution
		HideSolutionNode = FALSE
	EndGlobalSection
	GlobalSection(ExtensibilityGlobals) = postSolution
		SolutionGuid = {5DFAF79E-43EC-43D8-85BA-8D017F8EFD1C}
	EndGlobalSection
EndGlobal
